
Microsoft Visual Studio Solution File, Format Version 12.00
# Visual Studio 15
VisualStudioVersion = 15.0.28307.271
MinimumVisualStudioVersion = 10.0.40219.1
Project("{FAE04EC0-301F-11D3-BF4B-00C04F79EFBC}") = "Sitecore.SharedSource.EditableDictionary", "code\Sitecore.SharedSource.EditableDictionary.csproj", "{440BC05D-5D20-4B53-AF52-C2ADFFDABAA0}"
EndProject
Global
	GlobalSection(SolutionConfigurationPlatforms) = preSolution
		Debug|Any CPU = Debug|Any CPU
		Release|Any CPU = Release|Any CPU
	EndGlobalSection
	GlobalSection(ProjectConfigurationPlatforms) = postSolution
		{440BC05D-5D20-4B53-AF52-C2ADFFDABAA0}.Debug|Any CPU.ActiveCfg = Debug|Any CPU
		{440BC05D-5D20-4B53-AF52-C2ADFFDABAA0}.Debug|Any CPU.Build.0 = Debug|Any CPU
		{440BC05D-5D20-4B53-AF52-C2ADFFDABAA0}.Release|Any CPU.ActiveCfg = Release|Any CPU
		{440BC05D-5D20-4B53-AF52-C2ADFFDABAA0}.Release|Any CPU.Build.0 = Release|Any CPU
	EndGlobalSection
	GlobalSection(SolutionProperties) = preSolution
		HideSolutionNode = FALSE
	EndGlobalSection
	GlobalSection(ExtensibilityGlobals) = postSolution
		SolutionGuid = {E25EC625-21A1-4A0B-951D-9F32CB57640E}
	EndGlobalSection
EndGlobal
